<?xml version="1.0" encoding="utf-8"?>
<Project ToolsVersion="4.0" xmlns="http://schemas.microsoft.com/developer/msbuild/2003">
  <ItemGroup>
    <Filter Include="Source Files">
      <UniqueIdentifier>{4FC737F1-C7A5-4376-A066-2A32D752A2FF}</UniqueIdentifier>
      <Extensions>cpp;c;cc;cxx;c++;cppm;ixx;def;odl;idl;hpj;bat;asm;asmx</Extensions>
    </Filter>
    <Filter Include="Headers">
      <UniqueIdentifier>{b283f720-42fa-4336-9e3b-66a33a7356a2}</UniqueIdentifier>
    </Filter>
  </ItemGroup>
  <ItemGroup>
    <ClCompile Include="Main.cpp">
      <Filter>Source Files</Filter>
    </ClCompile>
    <ClCompile Include="WinEventHook.cpp">
      <Filter>Headers</Filter>
    </ClCompile>
    <ClCompile Include="EventHookSystemForegound.cpp">
      <Filter>Source Files</Filter>
    </ClCompile>
    <ClCompile Include="Singleton.cpp">
      <Filter>Headers</Filter>
    </ClCompile>
    <ClCompile Include="GetMessageThread.cpp">
      <Filter>Source Files</Filter>
    </ClCompile>
    <ClCompile Include="GetMessageThreadManager.cpp">
      <Filter>Source Files</Filter>
    </ClCompile>
    <ClCompile Include="Common.cpp">
      <Filter>Source Files</Filter>
    </ClCompile>
  </ItemGroup>
</Project>